<?xml version="1.0" encoding="utf-8"?>
<Project ToolsVersion="4.0" xmlns="http://schemas.microsoft.com/developer/msbuild/2003">
  <ItemGroup>
    <Filter Include="Headers">
      <UniqueIdentifier>{b4919d54-8387-41fd-96e6-4944de81381b}</UniqueIdentifier>
    </Filter>
  </ItemGroup>
  <ItemGroup>
    <ClInclude Include="src/compact.h">
      <Filter>Headers</Filter>
    </ClInclude>
    <ClInclude Include="src/interface.h">
      <Filter>Headers</Filter>
    </ClInclude>
    <ClInclude Include="include/lagarith.h">
      <Filter>Headers</Filter>
    </ClInclude>
    <ClInclude Include="src/prediction.h">
      <Filter>Headers</Filter>
    </ClInclude>
  </ItemGroup>
  <ItemGroup>
    <ClCompile Include="src/compact.cpp" />
    <ClCompile Include="src/compression.cpp" />
    <ClCompile Include="src/decompression.cpp" />
    <ClCompile Include="src/fibonacci.cpp" />
    <ClCompile Include="src/interface.cpp" />
    <ClCompile Include="src/prediction.cpp" />
    <ClCompile Include="src/range.cpp" />
    <ClCompile Include="src/threading.cpp" />
    <ClCompile Include="src/zerorle.cpp" />
  </ItemGroup>
</Project>